
Microsoft Visual Studio Solution File, Format Version 11.00
# Visual Studio 2010
Project("{8BC9CEB8-8B4A-11D0-8D11-00A0C91BC942}") = "kiptool", "kiptool\kiptool.vcxproj", "{FB6E6B73-C98A-42EA-8932-02EEBD55EC75}"
	ProjectSection(ProjectDependencies) = postProject
		{EACAD42B-5DBA-41D5-A25D-37BD2B289F42} = {EACAD42B-5DBA-41D5-A25D-37BD2B289F42}
		{F865F947-ACB7-4DCF-B857-0309E073E95A} = {F865F947-ACB7-4DCF-B857-0309E073E95A}
		{FFEE3B5D-D253-48AA-8154-ACABEFAED448} = {FFEE3B5D-D253-48AA-8154-ACABEFAED448}
		{D1DCF7C6-D2D5-463B-8B59-1BD2C07242F3} = {D1DCF7C6-D2D5-463B-8B59-1BD2C07242F3}
		{AAD790D4-E433-4C8C-A014-CA2C19781F72} = {AAD790D4-E433-4C8C-A014-CA2C19781F72}
	EndProjectSection
EndProject
Project("{8BC9CEB8-8B4A-11D0-8D11-00A0C91BC942}") = "ModuleConfig", "..\..\..\..\..\libs\modules\trunk\vs2010\ModuleConfig\ModuleConfig\ModuleConfig.vcxproj", "{EACAD42B-5DBA-41D5-A25D-37BD2B289F42}"
	ProjectSection(ProjectDependencies) = postProject
		{F865F947-ACB7-4DCF-B857-0309E073E95A} = {F865F947-ACB7-4DCF-B857-0309E073E95A}
	EndProjectSection
EndProject
Project("{8BC9CEB8-8B4A-11D0-8D11-00A0C91BC942}") = "ModuleConfigurator", "..\..\..\..\..\libs\modules\trunk\vs2010\ModuleConfig\ModuleConfigurator\ModuleConfigurator.vcxproj", "{AAD790D4-E433-4C8C-A014-CA2C19781F72}"
	ProjectSection(ProjectDependencies) = postProject
		{F865F947-ACB7-4DCF-B857-0309E073E95A} = {F865F947-ACB7-4DCF-B857-0309E073E95A}
		{FFEE3B5D-D253-48AA-8154-ACABEFAED448} = {FFEE3B5D-D253-48AA-8154-ACABEFAED448}
	EndProjectSection
EndProject
Project("{8BC9CEB8-8B4A-11D0-8D11-00A0C91BC942}") = "gtkmm_addons", "..\..\..\..\..\libs\gtk_addons\trunk\vs2010\gtkmm_addons\gtkmm_addons.vcxproj", "{FFEE3B5D-D253-48AA-8154-ACABEFAED448}"
	ProjectSection(ProjectDependencies) = postProject
		{F865F947-ACB7-4DCF-B857-0309E073E95A} = {F865F947-ACB7-4DCF-B857-0309E073E95A}
	EndProjectSection
EndProject
Project("{8BC9CEB8-8B4A-11D0-8D11-00A0C91BC942}") = "ProcessFramework", "..\..\..\..\..\libs\kipl\trunk\vs2010\ProcessFramework\ProcessFramework.vcxproj", "{D1DCF7C6-D2D5-463B-8B59-1BD2C07242F3}"
	ProjectSection(ProjectDependencies) = postProject
		{EACAD42B-5DBA-41D5-A25D-37BD2B289F42} = {EACAD42B-5DBA-41D5-A25D-37BD2B289F42}
		{F865F947-ACB7-4DCF-B857-0309E073E95A} = {F865F947-ACB7-4DCF-B857-0309E073E95A}
	EndProjectSection
EndProject
Project("{8BC9CEB8-8B4A-11D0-8D11-00A0C91BC942}") = "kipl", "..\..\..\..\..\libs\kipl\trunk\vs2010\kipl\kipl\kipl.vcxproj", "{F865F947-ACB7-4DCF-B857-0309E073E95A}"
EndProject
Project("{8BC9CEB8-8B4A-11D0-8D11-00A0C91BC942}") = "AdvancedFilterModules", "AdvancedFilterModules\AdvancedFilterModules.vcxproj", "{FF7E839A-CE6C-4E0A-B90A-0DB2772E8962}"
	ProjectSection(ProjectDependencies) = postProject
		{EACAD42B-5DBA-41D5-A25D-37BD2B289F42} = {EACAD42B-5DBA-41D5-A25D-37BD2B289F42}
		{F865F947-ACB7-4DCF-B857-0309E073E95A} = {F865F947-ACB7-4DCF-B857-0309E073E95A}
		{D1DCF7C6-D2D5-463B-8B59-1BD2C07242F3} = {D1DCF7C6-D2D5-463B-8B59-1BD2C07242F3}
	EndProjectSection
EndProject
Project("{8BC9CEB8-8B4A-11D0-8D11-00A0C91BC942}") = "BaseModules", "BaseModules\BaseModules.vcxproj", "{238CECB3-1639-4E5B-93C3-765F6CB03155}"
	ProjectSection(ProjectDependencies) = postProject
		{EACAD42B-5DBA-41D5-A25D-37BD2B289F42} = {EACAD42B-5DBA-41D5-A25D-37BD2B289F42}
		{F865F947-ACB7-4DCF-B857-0309E073E95A} = {F865F947-ACB7-4DCF-B857-0309E073E95A}
		{D1DCF7C6-D2D5-463B-8B59-1BD2C07242F3} = {D1DCF7C6-D2D5-463B-8B59-1BD2C07242F3}
	EndProjectSection
EndProject
Project("{54435603-DBB4-11D2-8724-00A0C9A8B90C}") = "kiptool_setup", "kiptool_setup\kiptool_setup.vdproj", "{7FEFBB97-6BF1-4E75-89B0-7D4A19008C6F}"
EndProject
Project("{54435603-DBB4-11D2-8724-00A0C9A8B90C}") = "kiptool64_setup", "kiptool64_setup\kiptool64_setup.vdproj", "{35DA8775-A5DA-49C8-88E3-00F0066EEE36}"
EndProject
Global
	GlobalSection(SolutionConfigurationPlatforms) = preSolution
		Debug|Win32 = Debug|Win32
		Debug|x64 = Debug|x64
		Release|Win32 = Release|Win32
		Release|x64 = Release|x64
	EndGlobalSection
	GlobalSection(ProjectConfigurationPlatforms) = postSolution
		{FB6E6B73-C98A-42EA-8932-02EEBD55EC75}.Debug|Win32.ActiveCfg = Debug|Win32
		{FB6E6B73-C98A-42EA-8932-02EEBD55EC75}.Debug|Win32.Build.0 = Debug|Win32
		{FB6E6B73-C98A-42EA-8932-02EEBD55EC75}.Debug|x64.ActiveCfg = Debug|x64
		{FB6E6B73-C98A-42EA-8932-02EEBD55EC75}.Debug|x64.Build.0 = Debug|x64
		{FB6E6B73-C98A-42EA-8932-02EEBD55EC75}.Release|Win32.ActiveCfg = Release|Win32
		{FB6E6B73-C98A-42EA-8932-02EEBD55EC75}.Release|Win32.Build.0 = Release|Win32
		{FB6E6B73-C98A-42EA-8932-02EEBD55EC75}.Release|x64.ActiveCfg = Release|x64
		{FB6E6B73-C98A-42EA-8932-02EEBD55EC75}.Release|x64.Build.0 = Release|x64
		{EACAD42B-5DBA-41D5-A25D-37BD2B289F42}.Debug|Win32.ActiveCfg = Debug|Win32
		{EACAD42B-5DBA-41D5-A25D-37BD2B289F42}.Debug|Win32.Build.0 = Debug|Win32
		{EACAD42B-5DBA-41D5-A25D-37BD2B289F42}.Debug|x64.ActiveCfg = Debug|x64
		{EACAD42B-5DBA-41D5-A25D-37BD2B289F42}.Debug|x64.Build.0 = Debug|x64
		{EACAD42B-5DBA-41D5-A25D-37BD2B289F42}.Release|Win32.ActiveCfg = Release|Win32
		{EACAD42B-5DBA-41D5-A25D-37BD2B289F42}.Release|Win32.Build.0 = Release|Win32
		{EACAD42B-5DBA-41D5-A25D-37BD2B289F42}.Release|x64.ActiveCfg = Release|x64
		{EACAD42B-5DBA-41D5-A25D-37BD2B289F42}.Release|x64.Build.0 = Release|x64
		{AAD790D4-E433-4C8C-A014-CA2C19781F72}.Debug|Win32.ActiveCfg = Debug|Win32
		{AAD790D4-E433-4C8C-A014-CA2C19781F72}.Debug|Win32.Build.0 = Debug|Win32
		{AAD790D4-E433-4C8C-A014-CA2C19781F72}.Debug|x64.ActiveCfg = Debug|x64
		{AAD790D4-E433-4C8C-A014-CA2C19781F72}.Debug|x64.Build.0 = Debug|x64
		{AAD790D4-E433-4C8C-A014-CA2C19781F72}.Release|Win32.ActiveCfg = Release|Win32
		{AAD790D4-E433-4C8C-A014-CA2C19781F72}.Release|Win32.Build.0 = Release|Win32
		{AAD790D4-E433-4C8C-A014-CA2C19781F72}.Release|x64.ActiveCfg = Release|x64
		{AAD790D4-E433-4C8C-A014-CA2C19781F72}.Release|x64.Build.0 = Release|x64
		{FFEE3B5D-D253-48AA-8154-ACABEFAED448}.Debug|Win32.ActiveCfg = Debug|Win32
		{FFEE3B5D-D253-48AA-8154-ACABEFAED448}.Debug|Win32.Build.0 = Debug|Win32
		{FFEE3B5D-D253-48AA-8154-ACABEFAED448}.Debug|x64.ActiveCfg = Debug|x64
		{FFEE3B5D-D253-48AA-8154-ACABEFAED448}.Debug|x64.Build.0 = Debug|x64
		{FFEE3B5D-D253-48AA-8154-ACABEFAED448}.Release|Win32.ActiveCfg = Release|Win32
		{FFEE3B5D-D253-48AA-8154-ACABEFAED448}.Release|Win32.Build.0 = Release|Win32
		{FFEE3B5D-D253-48AA-8154-ACABEFAED448}.Release|x64.ActiveCfg = Release|x64
		{FFEE3B5D-D253-48AA-8154-ACABEFAED448}.Release|x64.Build.0 = Release|x64
		{D1DCF7C6-D2D5-463B-8B59-1BD2C07242F3}.Debug|Win32.ActiveCfg = Debug|Win32
		{D1DCF7C6-D2D5-463B-8B59-1BD2C07242F3}.Debug|Win32.Build.0 = Debug|Win32
		{D1DCF7C6-D2D5-463B-8B59-1BD2C07242F3}.Debug|x64.ActiveCfg = Debug|x64
		{D1DCF7C6-D2D5-463B-8B59-1BD2C07242F3}.Debug|x64.Build.0 = Debug|x64
		{D1DCF7C6-D2D5-463B-8B59-1BD2C07242F3}.Release|Win32.ActiveCfg = Release|Win32
		{D1DCF7C6-D2D5-463B-8B59-1BD2C07242F3}.Release|Win32.Build.0 = Release|Win32
		{D1DCF7C6-D2D5-463B-8B59-1BD2C07242F3}.Release|x64.ActiveCfg = Release|x64
		{D1DCF7C6-D2D5-463B-8B59-1BD2C07242F3}.Release|x64.Build.0 = Release|x64
		{F865F947-ACB7-4DCF-B857-0309E073E95A}.Debug|Win32.ActiveCfg = Debug|Win32
		{F865F947-ACB7-4DCF-B857-0309E073E95A}.Debug|Win32.Build.0 = Debug|Win32
		{F865F947-ACB7-4DCF-B857-0309E073E95A}.Debug|x64.ActiveCfg = Debug|x64
		{F865F947-ACB7-4DCF-B857-0309E073E95A}.Debug|x64.Build.0 = Debug|x64
		{F865F947-ACB7-4DCF-B857-0309E073E95A}.Release|Win32.ActiveCfg = Release|Win32
		{F865F947-ACB7-4DCF-B857-0309E073E95A}.Release|Win32.Build.0 = Release|Win32
		{F865F947-ACB7-4DCF-B857-0309E073E95A}.Release|x64.ActiveCfg = Release|x64
		{F865F947-ACB7-4DCF-B857-0309E073E95A}.Release|x64.Build.0 = Release|x64
		{FF7E839A-CE6C-4E0A-B90A-0DB2772E8962}.Debug|Win32.ActiveCfg = Debug|Win32
		{FF7E839A-CE6C-4E0A-B90A-0DB2772E8962}.Debug|Win32.Build.0 = Debug|Win32
		{FF7E839A-CE6C-4E0A-B90A-0DB2772E8962}.Debug|x64.ActiveCfg = Debug|x64
		{FF7E839A-CE6C-4E0A-B90A-0DB2772E8962}.Debug|x64.Build.0 = Debug|x64
		{FF7E839A-CE6C-4E0A-B90A-0DB2772E8962}.Release|Win32.ActiveCfg = Release|Win32
		{FF7E839A-CE6C-4E0A-B90A-0DB2772E8962}.Release|Win32.Build.0 = Release|Win32
		{FF7E839A-CE6C-4E0A-B90A-0DB2772E8962}.Release|x64.ActiveCfg = Release|x64
		{FF7E839A-CE6C-4E0A-B90A-0DB2772E8962}.Release|x64.Build.0 = Release|x64
		{238CECB3-1639-4E5B-93C3-765F6CB03155}.Debug|Win32.ActiveCfg = Debug|Win32
		{238CECB3-1639-4E5B-93C3-765F6CB03155}.Debug|Win32.Build.0 = Debug|Win32
		{238CECB3-1639-4E5B-93C3-765F6CB03155}.Debug|x64.ActiveCfg = Debug|x64
		{238CECB3-1639-4E5B-93C3-765F6CB03155}.Debug|x64.Build.0 = Debug|x64
		{238CECB3-1639-4E5B-93C3-765F6CB03155}.Release|Win32.ActiveCfg = Release|Win32
		{238CECB3-1639-4E5B-93C3-765F6CB03155}.Release|Win32.Build.0 = Release|Win32
		{238CECB3-1639-4E5B-93C3-765F6CB03155}.Release|x64.ActiveCfg = Release|x64
		{238CECB3-1639-4E5B-93C3-765F6CB03155}.Release|x64.Build.0 = Release|x64
		{7FEFBB97-6BF1-4E75-89B0-7D4A19008C6F}.Debug|Win32.ActiveCfg = Debug
		{7FEFBB97-6BF1-4E75-89B0-7D4A19008C6F}.Debug|x64.ActiveCfg = Debug
		{7FEFBB97-6BF1-4E75-89B0-7D4A19008C6F}.Debug|x64.Build.0 = Debug
		{7FEFBB97-6BF1-4E75-89B0-7D4A19008C6F}.Release|Win32.ActiveCfg = Release
		{7FEFBB97-6BF1-4E75-89B0-7D4A19008C6F}.Release|x64.ActiveCfg = Release
		{7FEFBB97-6BF1-4E75-89B0-7D4A19008C6F}.Release|x64.Build.0 = Release
		{35DA8775-A5DA-49C8-88E3-00F0066EEE36}.Debug|Win32.ActiveCfg = Debug
		{35DA8775-A5DA-49C8-88E3-00F0066EEE36}.Debug|x64.ActiveCfg = Debug
		{35DA8775-A5DA-49C8-88E3-00F0066EEE36}.Release|Win32.ActiveCfg = Release
		{35DA8775-A5DA-49C8-88E3-00F0066EEE36}.Release|x64.ActiveCfg = Release
	EndGlobalSection
	GlobalSection(SolutionProperties) = preSolution
		HideSolutionNode = FALSE
	EndGlobalSection
EndGlobal
