
Microsoft Visual Studio Solution File, Format Version 10.00
# Visual Studio 2008
Project("{8BC9CEB8-8B4A-11D0-8D11-00A0C91BC942}") = "kiptool", "kiptool\kiptool.vcproj", "{FA2D7E94-AD6F-4E56-A6AB-5FF72CA7B986}"
EndProject
Project("{8BC9CEB8-8B4A-11D0-8D11-00A0C91BC942}") = "kipl", "..\..\..\..\..\libs\kipl\trunk\vs2008\kipl\kipl\kipl.vcproj", "{6529D21D-403F-4517-BD3E-440ED8077688}"
EndProject
Project("{8BC9CEB8-8B4A-11D0-8D11-00A0C91BC942}") = "KiplProcessFramework", "..\..\..\..\..\libs\kipl\trunk\vs2008\kipl\KIPLProcessFramework\KIPLProcessFramework.vcproj", "{F69F6126-46AD-4E0A-8A65-15CA81875AAA}"
EndProject
Project("{8BC9CEB8-8B4A-11D0-8D11-00A0C91BC942}") = "ModuleConfig", "..\..\..\..\..\libs\recon2\trunk\vc2008\recon2\ModuleConfig\ModuleConfig.vcproj", "{C3BFCA05-3F6A-4E4C-B16C-29DABA125FE1}"
EndProject
Project("{8BC9CEB8-8B4A-11D0-8D11-00A0C91BC942}") = "gtkmm_addons", "..\..\..\..\..\libs\gtk_addons\trunk\vs2008\gtkmm_addons\gtkmm_addons.vcproj", "{7F1E0A9D-04F5-4AB2-BDC6-813968E57AFB}"
EndProject
Project("{8BC9CEB8-8B4A-11D0-8D11-00A0C91BC942}") = "BaseModules", "BaseModules\BaseModules.vcproj", "{C2FAFC2B-8FB4-407D-A882-4C4AE65AD7E1}"
EndProject
Project("{8BC9CEB8-8B4A-11D0-8D11-00A0C91BC942}") = "ClassificationModules", "ClassificationModules\ClassificationModules.vcproj", "{EE80D0BB-00EF-4C6E-8AC5-B2368ABBE827}"
EndProject
Project("{8BC9CEB8-8B4A-11D0-8D11-00A0C91BC942}") = "AdvancedFilterModules", "AdvancedFilterModules\AdvancedFilterModules.vcproj", "{9C087A27-B505-4DB4-925E-671D330B5EC7}"
EndProject
Global
	GlobalSection(SolutionConfigurationPlatforms) = preSolution
		Debug|Win32 = Debug|Win32
		Debug|x64 = Debug|x64
		Release|Win32 = Release|Win32
		Release|x64 = Release|x64
		Release32Win7_64|Win32 = Release32Win7_64|Win32
		Release32Win7_64|x64 = Release32Win7_64|x64
		Release64|Win32 = Release64|Win32
		Release64|x64 = Release64|x64
	EndGlobalSection
	GlobalSection(ProjectConfigurationPlatforms) = postSolution
		{FA2D7E94-AD6F-4E56-A6AB-5FF72CA7B986}.Debug|Win32.ActiveCfg = Debug|Win32
		{FA2D7E94-AD6F-4E56-A6AB-5FF72CA7B986}.Debug|Win32.Build.0 = Debug|Win32
		{FA2D7E94-AD6F-4E56-A6AB-5FF72CA7B986}.Debug|x64.ActiveCfg = Debug|x64
		{FA2D7E94-AD6F-4E56-A6AB-5FF72CA7B986}.Debug|x64.Build.0 = Debug|x64
		{FA2D7E94-AD6F-4E56-A6AB-5FF72CA7B986}.Release|Win32.ActiveCfg = Release|Win32
		{FA2D7E94-AD6F-4E56-A6AB-5FF72CA7B986}.Release|Win32.Build.0 = Release|Win32
		{FA2D7E94-AD6F-4E56-A6AB-5FF72CA7B986}.Release|x64.ActiveCfg = Release|x64
		{FA2D7E94-AD6F-4E56-A6AB-5FF72CA7B986}.Release|x64.Build.0 = Release|x64
		{FA2D7E94-AD6F-4E56-A6AB-5FF72CA7B986}.Release32Win7_64|Win32.ActiveCfg = Release32Win7_64|Win32
		{FA2D7E94-AD6F-4E56-A6AB-5FF72CA7B986}.Release32Win7_64|Win32.Build.0 = Release32Win7_64|Win32
		{FA2D7E94-AD6F-4E56-A6AB-5FF72CA7B986}.Release32Win7_64|x64.ActiveCfg = Release32Win7_64|x64
		{FA2D7E94-AD6F-4E56-A6AB-5FF72CA7B986}.Release32Win7_64|x64.Build.0 = Release32Win7_64|x64
		{FA2D7E94-AD6F-4E56-A6AB-5FF72CA7B986}.Release64|Win32.ActiveCfg = Release|Win32
		{FA2D7E94-AD6F-4E56-A6AB-5FF72CA7B986}.Release64|Win32.Build.0 = Release|Win32
		{FA2D7E94-AD6F-4E56-A6AB-5FF72CA7B986}.Release64|x64.ActiveCfg = Release32Win7_64|x64
		{FA2D7E94-AD6F-4E56-A6AB-5FF72CA7B986}.Release64|x64.Build.0 = Release32Win7_64|x64
		{6529D21D-403F-4517-BD3E-440ED8077688}.Debug|Win32.ActiveCfg = Debug|Win32
		{6529D21D-403F-4517-BD3E-440ED8077688}.Debug|Win32.Build.0 = Debug|Win32
		{6529D21D-403F-4517-BD3E-440ED8077688}.Debug|x64.ActiveCfg = Debug|x64
		{6529D21D-403F-4517-BD3E-440ED8077688}.Debug|x64.Build.0 = Debug|x64
		{6529D21D-403F-4517-BD3E-440ED8077688}.Release|Win32.ActiveCfg = Release|Win32
		{6529D21D-403F-4517-BD3E-440ED8077688}.Release|Win32.Build.0 = Release|Win32
		{6529D21D-403F-4517-BD3E-440ED8077688}.Release|x64.ActiveCfg = Release|x64
		{6529D21D-403F-4517-BD3E-440ED8077688}.Release|x64.Build.0 = Release|x64
		{6529D21D-403F-4517-BD3E-440ED8077688}.Release32Win7_64|Win32.ActiveCfg = Release32Win7_64|Win32
		{6529D21D-403F-4517-BD3E-440ED8077688}.Release32Win7_64|Win32.Build.0 = Release32Win7_64|Win32
		{6529D21D-403F-4517-BD3E-440ED8077688}.Release32Win7_64|x64.ActiveCfg = Release32Win7_64|x64
		{6529D21D-403F-4517-BD3E-440ED8077688}.Release32Win7_64|x64.Build.0 = Release32Win7_64|x64
		{6529D21D-403F-4517-BD3E-440ED8077688}.Release64|Win32.ActiveCfg = Release64|Win32
		{6529D21D-403F-4517-BD3E-440ED8077688}.Release64|Win32.Build.0 = Release64|Win32
		{6529D21D-403F-4517-BD3E-440ED8077688}.Release64|x64.ActiveCfg = Release64|x64
		{6529D21D-403F-4517-BD3E-440ED8077688}.Release64|x64.Build.0 = Release64|x64
		{F69F6126-46AD-4E0A-8A65-15CA81875AAA}.Debug|Win32.ActiveCfg = Debug|Win32
		{F69F6126-46AD-4E0A-8A65-15CA81875AAA}.Debug|Win32.Build.0 = Debug|Win32
		{F69F6126-46AD-4E0A-8A65-15CA81875AAA}.Debug|x64.ActiveCfg = Debug|x64
		{F69F6126-46AD-4E0A-8A65-15CA81875AAA}.Debug|x64.Build.0 = Debug|x64
		{F69F6126-46AD-4E0A-8A65-15CA81875AAA}.Release|Win32.ActiveCfg = Release|Win32
		{F69F6126-46AD-4E0A-8A65-15CA81875AAA}.Release|Win32.Build.0 = Release|Win32
		{F69F6126-46AD-4E0A-8A65-15CA81875AAA}.Release|x64.ActiveCfg = Release|x64
		{F69F6126-46AD-4E0A-8A65-15CA81875AAA}.Release|x64.Build.0 = Release|x64
		{F69F6126-46AD-4E0A-8A65-15CA81875AAA}.Release32Win7_64|Win32.ActiveCfg = Release32Win7_64|Win32
		{F69F6126-46AD-4E0A-8A65-15CA81875AAA}.Release32Win7_64|Win32.Build.0 = Release32Win7_64|Win32
		{F69F6126-46AD-4E0A-8A65-15CA81875AAA}.Release32Win7_64|x64.ActiveCfg = Release32Win7_64|x64
		{F69F6126-46AD-4E0A-8A65-15CA81875AAA}.Release32Win7_64|x64.Build.0 = Release32Win7_64|x64
		{F69F6126-46AD-4E0A-8A65-15CA81875AAA}.Release64|Win32.ActiveCfg = Release|Win32
		{F69F6126-46AD-4E0A-8A65-15CA81875AAA}.Release64|Win32.Build.0 = Release|Win32
		{F69F6126-46AD-4E0A-8A65-15CA81875AAA}.Release64|x64.ActiveCfg = Release32Win7_64|x64
		{F69F6126-46AD-4E0A-8A65-15CA81875AAA}.Release64|x64.Build.0 = Release32Win7_64|x64
		{C3BFCA05-3F6A-4E4C-B16C-29DABA125FE1}.Debug|Win32.ActiveCfg = Debug|Win32
		{C3BFCA05-3F6A-4E4C-B16C-29DABA125FE1}.Debug|Win32.Build.0 = Debug|Win32
		{C3BFCA05-3F6A-4E4C-B16C-29DABA125FE1}.Debug|x64.ActiveCfg = Debug|x64
		{C3BFCA05-3F6A-4E4C-B16C-29DABA125FE1}.Debug|x64.Build.0 = Debug|x64
		{C3BFCA05-3F6A-4E4C-B16C-29DABA125FE1}.Release|Win32.ActiveCfg = Release|Win32
		{C3BFCA05-3F6A-4E4C-B16C-29DABA125FE1}.Release|Win32.Build.0 = Release|Win32
		{C3BFCA05-3F6A-4E4C-B16C-29DABA125FE1}.Release|x64.ActiveCfg = Release|x64
		{C3BFCA05-3F6A-4E4C-B16C-29DABA125FE1}.Release|x64.Build.0 = Release|x64
		{C3BFCA05-3F6A-4E4C-B16C-29DABA125FE1}.Release32Win7_64|Win32.ActiveCfg = Release32Win7_64|Win32
		{C3BFCA05-3F6A-4E4C-B16C-29DABA125FE1}.Release32Win7_64|Win32.Build.0 = Release32Win7_64|Win32
		{C3BFCA05-3F6A-4E4C-B16C-29DABA125FE1}.Release32Win7_64|x64.ActiveCfg = Release32Win7_64|x64
		{C3BFCA05-3F6A-4E4C-B16C-29DABA125FE1}.Release32Win7_64|x64.Build.0 = Release32Win7_64|x64
		{C3BFCA05-3F6A-4E4C-B16C-29DABA125FE1}.Release64|Win32.ActiveCfg = Release|Win32
		{C3BFCA05-3F6A-4E4C-B16C-29DABA125FE1}.Release64|Win32.Build.0 = Release|Win32
		{C3BFCA05-3F6A-4E4C-B16C-29DABA125FE1}.Release64|x64.ActiveCfg = Release32Win7_64|x64
		{C3BFCA05-3F6A-4E4C-B16C-29DABA125FE1}.Release64|x64.Build.0 = Release32Win7_64|x64
		{7F1E0A9D-04F5-4AB2-BDC6-813968E57AFB}.Debug|Win32.ActiveCfg = Debug|Win32
		{7F1E0A9D-04F5-4AB2-BDC6-813968E57AFB}.Debug|Win32.Build.0 = Debug|Win32
		{7F1E0A9D-04F5-4AB2-BDC6-813968E57AFB}.Debug|x64.ActiveCfg = Debug|x64
		{7F1E0A9D-04F5-4AB2-BDC6-813968E57AFB}.Debug|x64.Build.0 = Debug|x64
		{7F1E0A9D-04F5-4AB2-BDC6-813968E57AFB}.Release|Win32.ActiveCfg = Release|Win32
		{7F1E0A9D-04F5-4AB2-BDC6-813968E57AFB}.Release|Win32.Build.0 = Release|Win32
		{7F1E0A9D-04F5-4AB2-BDC6-813968E57AFB}.Release|x64.ActiveCfg = Release|x64
		{7F1E0A9D-04F5-4AB2-BDC6-813968E57AFB}.Release|x64.Build.0 = Release|x64
		{7F1E0A9D-04F5-4AB2-BDC6-813968E57AFB}.Release32Win7_64|Win32.ActiveCfg = Release32Win7_64|Win32
		{7F1E0A9D-04F5-4AB2-BDC6-813968E57AFB}.Release32Win7_64|Win32.Build.0 = Release32Win7_64|Win32
		{7F1E0A9D-04F5-4AB2-BDC6-813968E57AFB}.Release32Win7_64|x64.ActiveCfg = Release32Win7_64|x64
		{7F1E0A9D-04F5-4AB2-BDC6-813968E57AFB}.Release32Win7_64|x64.Build.0 = Release32Win7_64|x64
		{7F1E0A9D-04F5-4AB2-BDC6-813968E57AFB}.Release64|Win32.ActiveCfg = Release|Win32
		{7F1E0A9D-04F5-4AB2-BDC6-813968E57AFB}.Release64|Win32.Build.0 = Release|Win32
		{7F1E0A9D-04F5-4AB2-BDC6-813968E57AFB}.Release64|x64.ActiveCfg = Release32Win7_64|x64
		{7F1E0A9D-04F5-4AB2-BDC6-813968E57AFB}.Release64|x64.Build.0 = Release32Win7_64|x64
		{C2FAFC2B-8FB4-407D-A882-4C4AE65AD7E1}.Debug|Win32.ActiveCfg = Debug|Win32
		{C2FAFC2B-8FB4-407D-A882-4C4AE65AD7E1}.Debug|Win32.Build.0 = Debug|Win32
		{C2FAFC2B-8FB4-407D-A882-4C4AE65AD7E1}.Debug|x64.ActiveCfg = Debug|x64
		{C2FAFC2B-8FB4-407D-A882-4C4AE65AD7E1}.Debug|x64.Build.0 = Debug|x64
		{C2FAFC2B-8FB4-407D-A882-4C4AE65AD7E1}.Release|Win32.ActiveCfg = Release|Win32
		{C2FAFC2B-8FB4-407D-A882-4C4AE65AD7E1}.Release|Win32.Build.0 = Release|Win32
		{C2FAFC2B-8FB4-407D-A882-4C4AE65AD7E1}.Release|x64.ActiveCfg = Release|x64
		{C2FAFC2B-8FB4-407D-A882-4C4AE65AD7E1}.Release|x64.Build.0 = Release|x64
		{C2FAFC2B-8FB4-407D-A882-4C4AE65AD7E1}.Release32Win7_64|Win32.ActiveCfg = Release32Win7_64|Win32
		{C2FAFC2B-8FB4-407D-A882-4C4AE65AD7E1}.Release32Win7_64|Win32.Build.0 = Release32Win7_64|Win32
		{C2FAFC2B-8FB4-407D-A882-4C4AE65AD7E1}.Release32Win7_64|x64.ActiveCfg = Release32Win7_64|x64
		{C2FAFC2B-8FB4-407D-A882-4C4AE65AD7E1}.Release32Win7_64|x64.Build.0 = Release32Win7_64|x64
		{C2FAFC2B-8FB4-407D-A882-4C4AE65AD7E1}.Release64|Win32.ActiveCfg = Release|Win32
		{C2FAFC2B-8FB4-407D-A882-4C4AE65AD7E1}.Release64|Win32.Build.0 = Release|Win32
		{C2FAFC2B-8FB4-407D-A882-4C4AE65AD7E1}.Release64|x64.ActiveCfg = Release32Win7_64|x64
		{C2FAFC2B-8FB4-407D-A882-4C4AE65AD7E1}.Release64|x64.Build.0 = Release32Win7_64|x64
		{EE80D0BB-00EF-4C6E-8AC5-B2368ABBE827}.Debug|Win32.ActiveCfg = Debug|Win32
		{EE80D0BB-00EF-4C6E-8AC5-B2368ABBE827}.Debug|Win32.Build.0 = Debug|Win32
		{EE80D0BB-00EF-4C6E-8AC5-B2368ABBE827}.Debug|x64.ActiveCfg = Debug|x64
		{EE80D0BB-00EF-4C6E-8AC5-B2368ABBE827}.Debug|x64.Build.0 = Debug|x64
		{EE80D0BB-00EF-4C6E-8AC5-B2368ABBE827}.Release|Win32.ActiveCfg = Release|Win32
		{EE80D0BB-00EF-4C6E-8AC5-B2368ABBE827}.Release|Win32.Build.0 = Release|Win32
		{EE80D0BB-00EF-4C6E-8AC5-B2368ABBE827}.Release|x64.ActiveCfg = Release|x64
		{EE80D0BB-00EF-4C6E-8AC5-B2368ABBE827}.Release|x64.Build.0 = Release|x64
		{EE80D0BB-00EF-4C6E-8AC5-B2368ABBE827}.Release32Win7_64|Win32.ActiveCfg = Release32Win7_64|Win32
		{EE80D0BB-00EF-4C6E-8AC5-B2368ABBE827}.Release32Win7_64|Win32.Build.0 = Release32Win7_64|Win32
		{EE80D0BB-00EF-4C6E-8AC5-B2368ABBE827}.Release32Win7_64|x64.ActiveCfg = Release32Win7_64|x64
		{EE80D0BB-00EF-4C6E-8AC5-B2368ABBE827}.Release32Win7_64|x64.Build.0 = Release32Win7_64|x64
		{EE80D0BB-00EF-4C6E-8AC5-B2368ABBE827}.Release64|Win32.ActiveCfg = Release32Win7_64|Win32
		{EE80D0BB-00EF-4C6E-8AC5-B2368ABBE827}.Release64|Win32.Build.0 = Release32Win7_64|Win32
		{EE80D0BB-00EF-4C6E-8AC5-B2368ABBE827}.Release64|x64.ActiveCfg = Release32Win7_64|x64
		{EE80D0BB-00EF-4C6E-8AC5-B2368ABBE827}.Release64|x64.Build.0 = Release32Win7_64|x64
		{9C087A27-B505-4DB4-925E-671D330B5EC7}.Debug|Win32.ActiveCfg = Debug|Win32
		{9C087A27-B505-4DB4-925E-671D330B5EC7}.Debug|Win32.Build.0 = Debug|Win32
		{9C087A27-B505-4DB4-925E-671D330B5EC7}.Debug|x64.ActiveCfg = Debug|x64
		{9C087A27-B505-4DB4-925E-671D330B5EC7}.Debug|x64.Build.0 = Debug|x64
		{9C087A27-B505-4DB4-925E-671D330B5EC7}.Release|Win32.ActiveCfg = Release|Win32
		{9C087A27-B505-4DB4-925E-671D330B5EC7}.Release|Win32.Build.0 = Release|Win32
		{9C087A27-B505-4DB4-925E-671D330B5EC7}.Release|x64.ActiveCfg = Release|x64
		{9C087A27-B505-4DB4-925E-671D330B5EC7}.Release|x64.Build.0 = Release|x64
		{9C087A27-B505-4DB4-925E-671D330B5EC7}.Release32Win7_64|Win32.ActiveCfg = Release32Win7_64|Win32
		{9C087A27-B505-4DB4-925E-671D330B5EC7}.Release32Win7_64|Win32.Build.0 = Release32Win7_64|Win32
		{9C087A27-B505-4DB4-925E-671D330B5EC7}.Release32Win7_64|x64.ActiveCfg = Release32Win7_64|x64
		{9C087A27-B505-4DB4-925E-671D330B5EC7}.Release32Win7_64|x64.Build.0 = Release32Win7_64|x64
		{9C087A27-B505-4DB4-925E-671D330B5EC7}.Release64|Win32.ActiveCfg = Release|Win32
		{9C087A27-B505-4DB4-925E-671D330B5EC7}.Release64|Win32.Build.0 = Release|Win32
		{9C087A27-B505-4DB4-925E-671D330B5EC7}.Release64|x64.ActiveCfg = Release32Win7_64|x64
		{9C087A27-B505-4DB4-925E-671D330B5EC7}.Release64|x64.Build.0 = Release32Win7_64|x64
	EndGlobalSection
	GlobalSection(SolutionProperties) = preSolution
		HideSolutionNode = FALSE
	EndGlobalSection
EndGlobal
